
Microsoft Visual Studio Solution File, Format Version 12.00
# Visual Studio Version 17
VisualStudioVersion = 17.0.32014.148
MinimumVisualStudioVersion = 10.0.40219.1
Project("{FAE04EC0-301F-11D3-BF4B-00C04F79EFBC}") = "ConsoleAppStaticExercise", "ConsoleAppStaticExercise\ConsoleAppStaticExercise.csproj", "{9CFD1B21-63BD-40BA-A1BC-0CF66F127CB7}"
EndProject
Global
	GlobalSection(SolutionConfigurationPlatforms) = preSolution
		Debug|Any CPU = Debug|Any CPU
		Release|Any CPU = Release|Any CPU
	EndGlobalSection
	GlobalSection(ProjectConfigurationPlatforms) = postSolution
		{9CFD1B21-63BD-40BA-A1BC-0CF66F127CB7}.Debug|Any CPU.ActiveCfg = Debug|Any CPU
		{9CFD1B21-63BD-40BA-A1BC-0CF66F127CB7}.Debug|Any CPU.Build.0 = Debug|Any CPU
		{9CFD1B21-63BD-40BA-A1BC-0CF66F127CB7}.Release|Any CPU.ActiveCfg = Release|Any CPU
		{9CFD1B21-63BD-40BA-A1BC-0CF66F127CB7}.Release|Any CPU.Build.0 = Release|Any CPU
	EndGlobalSection
	GlobalSection(SolutionProperties) = preSolution
		HideSolutionNode = FALSE
	EndGlobalSection
	GlobalSection(ExtensibilityGlobals) = postSolution
		SolutionGuid = {5955F802-E08C-4A9B-8BE8-154BDC4747C0}
	EndGlobalSection
EndGlobal
